
Microsoft Visual Studio Solution File, Format Version 12.00
Project("{FAE04EC0-301F-11D3-BF4B-00C04F79EFBC}") = "ikea_backend", "ikea_backend\ikea_backend.csproj", "{86FBC762-00F0-4873-B096-F6526E1FF979}"
EndProject
Project("{FAE04EC0-301F-11D3-BF4B-00C04F79EFBC}") = "ikea_business", "ikea_business\ikea_business.csproj", "{32319C26-63C1-42D2-8A1A-583FE955C6B8}"
EndProject
Project("{FAE04EC0-301F-11D3-BF4B-00C04F79EFBC}") = "ikea_data", "ikea_data\ikea_data.csproj", "{7306484C-86B2-43E1-B0F2-CF011FCCA098}"
EndProject
Global
	GlobalSection(SolutionConfigurationPlatforms) = preSolution
		Debug|Any CPU = Debug|Any CPU
		Release|Any CPU = Release|Any CPU
	EndGlobalSection
	GlobalSection(ProjectConfigurationPlatforms) = postSolution
		{86FBC762-00F0-4873-B096-F6526E1FF979}.Debug|Any CPU.ActiveCfg = Debug|Any CPU
		{86FBC762-00F0-4873-B096-F6526E1FF979}.Debug|Any CPU.Build.0 = Debug|Any CPU
		{86FBC762-00F0-4873-B096-F6526E1FF979}.Release|Any CPU.ActiveCfg = Release|Any CPU
		{86FBC762-00F0-4873-B096-F6526E1FF979}.Release|Any CPU.Build.0 = Release|Any CPU
		{32319C26-63C1-42D2-8A1A-583FE955C6B8}.Debug|Any CPU.ActiveCfg = Debug|Any CPU
		{32319C26-63C1-42D2-8A1A-583FE955C6B8}.Debug|Any CPU.Build.0 = Debug|Any CPU
		{32319C26-63C1-42D2-8A1A-583FE955C6B8}.Release|Any CPU.ActiveCfg = Release|Any CPU
		{32319C26-63C1-42D2-8A1A-583FE955C6B8}.Release|Any CPU.Build.0 = Release|Any CPU
		{7306484C-86B2-43E1-B0F2-CF011FCCA098}.Debug|Any CPU.ActiveCfg = Debug|Any CPU
		{7306484C-86B2-43E1-B0F2-CF011FCCA098}.Debug|Any CPU.Build.0 = Debug|Any CPU
		{7306484C-86B2-43E1-B0F2-CF011FCCA098}.Release|Any CPU.ActiveCfg = Release|Any CPU
		{7306484C-86B2-43E1-B0F2-CF011FCCA098}.Release|Any CPU.Build.0 = Release|Any CPU
	EndGlobalSection
EndGlobal
